
Microsoft Visual Studio Solution File, Format Version 12.00
# Visual Studio 15
VisualStudioVersion = 15.0.26730.16
MinimumVisualStudioVersion = 10.0.40219.1
Project("{FAE04EC0-301F-11D3-BF4B-00C04F79EFBC}") = "FileShare.Client", "FileShare.Client\FileShare.Client.csproj", "{8F9EC8A3-0028-47C3-A2F1-B6F7DBEFCB01}"
EndProject
Global
	GlobalSection(SolutionConfigurationPlatforms) = preSolution
		Debug|Any CPU = Debug|Any CPU
		Release|Any CPU = Release|Any CPU
	EndGlobalSection
	GlobalSection(ProjectConfigurationPlatforms) = postSolution
		{8F9EC8A3-0028-47C3-A2F1-B6F7DBEFCB01}.Debug|Any CPU.ActiveCfg = Debug|Any CPU
		{8F9EC8A3-0028-47C3-A2F1-B6F7DBEFCB01}.Debug|Any CPU.Build.0 = Debug|Any CPU
		{8F9EC8A3-0028-47C3-A2F1-B6F7DBEFCB01}.Release|Any CPU.ActiveCfg = Release|Any CPU
		{8F9EC8A3-0028-47C3-A2F1-B6F7DBEFCB01}.Release|Any CPU.Build.0 = Release|Any CPU
	EndGlobalSection
	GlobalSection(SolutionProperties) = preSolution
		HideSolutionNode = FALSE
	EndGlobalSection
	GlobalSection(ExtensibilityGlobals) = postSolution
		SolutionGuid = {8FBCC0DC-5663-41A0-884D-7B433BA672B9}
	EndGlobalSection
EndGlobal
